// !$*UTF8*$!
{
	archiveVersion = 1;
	classes = {
	};
	objectVersion = 55;
	objects = {

/* Begin PBXBuildFile section */
		0A14BF5F274761C500826571 /* Budget.swift in Sources */ = {isa = PBXBuildFile; fileRef = 0A14BF5E274761C500826571 /* Budget.swift */; };
		0A14BF632747C97600826571 /* HalfSheet.swift in Sources */ = {isa = PBXBuildFile; fileRef = 0A14BF622747C97600826571 /* HalfSheet.swift */; };
		0A14BF652747CAAC00826571 /* NewBudgetView.swift in Sources */ = {isa = PBXBuildFile; fileRef = 0A14BF642747CAAC00826571 /* NewBudgetView.swift */; };
		0A4153052741FCA000041359 /* HomeView.swift in Sources */ = {isa = PBXBuildFile; fileRef = 0A4153042741FCA000041359 /* HomeView.swift */; };
		0A4153072741FCA900041359 /* HistoryView.swift in Sources */ = {isa = PBXBuildFile; fileRef = 0A4153062741FCA900041359 /* HistoryView.swift */; };
		0A4153092741FCE500041359 /* BudgetView.swift in Sources */ = {isa = PBXBuildFile; fileRef = 0A4153082741FCE500041359 /* BudgetView.swift */; };
		0A41530B2741FCF400041359 /* GoalsView.swift in Sources */ = {isa = PBXBuildFile; fileRef = 0A41530A2741FCF400041359 /* GoalsView.swift */; };
		0A41530F2741FF1B00041359 /* SettingsView.swift in Sources */ = {isa = PBXBuildFile; fileRef = 0A41530E2741FF1B00041359 /* SettingsView.swift */; };
		0AC7268A2743965E0003519B /* Log.swift in Sources */ = {isa = PBXBuildFile; fileRef = 0AC726892743965E0003519B /* Log.swift */; };
		0AC7268C274396700003519B /* NewLogView.swift in Sources */ = {isa = PBXBuildFile; fileRef = 0AC7268B274396700003519B /* NewLogView.swift */; };
		0AC726CE2743CC380003519B /* (null) in Sources */ = {isa = PBXBuildFile; };
		0AFE9A682746338800F7360D /* LogTypes.swift in Sources */ = {isa = PBXBuildFile; fileRef = 0AFE9A672746338800F7360D /* LogTypes.swift */; };
		254AE28F27478E330017D199 /* SFSymbolPickerView.swift in Sources */ = {isa = PBXBuildFile; fileRef = 254AE28E27478E330017D199 /* SFSymbolPickerView.swift */; };
		254AE296274798030017D199 /* SFSymbolsPicker in Frameworks */ = {isa = PBXBuildFile; productRef = 254AE295274798030017D199 /* SFSymbolsPicker */; };
		2558FBE727434DD900CB9296 /* SwiftUICharts in Frameworks */ = {isa = PBXBuildFile; productRef = 2558FBE627434DD900CB9296 /* SwiftUICharts */; };
		25C1E99A27460E2000104902 /* CustomColor.swift in Sources */ = {isa = PBXBuildFile; fileRef = 25C1E99927460E2000104902 /* CustomColor.swift */; };
		25D41B9F2741FA5A008968F8 /* p1n3appl3App.swift in Sources */ = {isa = PBXBuildFile; fileRef = 25D41B9E2741FA5A008968F8 /* p1n3appl3App.swift */; };
		25D41BA12741FA5A008968F8 /* ContentView.swift in Sources */ = {isa = PBXBuildFile; fileRef = 25D41BA02741FA5A008968F8 /* ContentView.swift */; };
		25D41BA32741FA5C008968F8 /* Assets.xcassets in Resources */ = {isa = PBXBuildFile; fileRef = 25D41BA22741FA5C008968F8 /* Assets.xcassets */; };
		25D41BA62741FA5C008968F8 /* Preview Assets.xcassets in Resources */ = {isa = PBXBuildFile; fileRef = 25D41BA52741FA5C008968F8 /* Preview Assets.xcassets */; };
		2E0A584827448BAD00858ACE /* NewGoalsView.swift in Sources */ = {isa = PBXBuildFile; fileRef = 2E0A584727448BAD00858ACE /* NewGoalsView.swift */; };
		2E0A584A27448FF800858ACE /* Goal.swift in Sources */ = {isa = PBXBuildFile; fileRef = 2E0A584927448FF800858ACE /* Goal.swift */; };
		2E1689C327481A9E005AE28A /* FoodDetailView.swift in Sources */ = {isa = PBXBuildFile; fileRef = 2E1689C227481A9E005AE28A /* FoodDetailView.swift */; };
		2E9FD971274756B000512C2B /* GoalsDetailView.swift in Sources */ = {isa = PBXBuildFile; fileRef = 2E9FD970274756B000512C2B /* GoalsDetailView.swift */; };
		2EAE11D02744BB7700A2FD92 /* SettingsCreditView.swift in Sources */ = {isa = PBXBuildFile; fileRef = 2EAE11CF2744BB7700A2FD92 /* SettingsCreditView.swift */; };
		2EAE11D22744D2D200A2FD92 /* LogDetailView.swift in Sources */ = {isa = PBXBuildFile; fileRef = 2EAE11D12744D2D200A2FD92 /* LogDetailView.swift */; };
/* End PBXBuildFile section */

/* Begin PBXFileReference section */
		0A14BF5E274761C500826571 /* Budget.swift */ = {isa = PBXFileReference; lastKnownFileType = sourcecode.swift; path = Budget.swift; sourceTree = "<group>"; };
		0A14BF622747C97600826571 /* HalfSheet.swift */ = {isa = PBXFileReference; lastKnownFileType = sourcecode.swift; path = HalfSheet.swift; sourceTree = "<group>"; };
		0A14BF642747CAAC00826571 /* NewBudgetView.swift */ = {isa = PBXFileReference; lastKnownFileType = sourcecode.swift; path = NewBudgetView.swift; sourceTree = "<group>"; };
		0A4153042741FCA000041359 /* HomeView.swift */ = {isa = PBXFileReference; lastKnownFileType = sourcecode.swift; path = HomeView.swift; sourceTree = "<group>"; };
		0A4153062741FCA900041359 /* HistoryView.swift */ = {isa = PBXFileReference; lastKnownFileType = sourcecode.swift; path = HistoryView.swift; sourceTree = "<group>"; };
		0A4153082741FCE500041359 /* BudgetView.swift */ = {isa = PBXFileReference; lastKnownFileType = sourcecode.swift; path = BudgetView.swift; sourceTree = "<group>"; };
		0A41530A2741FCF400041359 /* GoalsView.swift */ = {isa = PBXFileReference; lastKnownFileType = sourcecode.swift; path = GoalsView.swift; sourceTree = "<group>"; };
		0A41530E2741FF1B00041359 /* SettingsView.swift */ = {isa = PBXFileReference; lastKnownFileType = sourcecode.swift; path = SettingsView.swift; sourceTree = "<group>"; };
		0AC726892743965E0003519B /* Log.swift */ = {isa = PBXFileReference; lastKnownFileType = sourcecode.swift; path = Log.swift; sourceTree = "<group>"; };
		0AC7268B274396700003519B /* NewLogView.swift */ = {isa = PBXFileReference; lastKnownFileType = sourcecode.swift; path = NewLogView.swift; sourceTree = "<group>"; };
		0AFE9A672746338800F7360D /* LogTypes.swift */ = {isa = PBXFileReference; lastKnownFileType = sourcecode.swift; path = LogTypes.swift; sourceTree = "<group>"; };
		254AE28E27478E330017D199 /* SFSymbolPickerView.swift */ = {isa = PBXFileReference; lastKnownFileType = sourcecode.swift; path = SFSymbolPickerView.swift; sourceTree = "<group>"; };
		25C1E99927460E2000104902 /* CustomColor.swift */ = {isa = PBXFileReference; lastKnownFileType = sourcecode.swift; path = CustomColor.swift; sourceTree = "<group>"; };
		25D41B9B2741FA5A008968F8 /* p1n3appl3.app */ = {isa = PBXFileReference; explicitFileType = wrapper.application; includeInIndex = 0; path = p1n3appl3.app; sourceTree = BUILT_PRODUCTS_DIR; };
		25D41B9E2741FA5A008968F8 /* p1n3appl3App.swift */ = {isa = PBXFileReference; lastKnownFileType = sourcecode.swift; path = p1n3appl3App.swift; sourceTree = "<group>"; };
		25D41BA02741FA5A008968F8 /* ContentView.swift */ = {isa = PBXFileReference; lastKnownFileType = sourcecode.swift; path = ContentView.swift; sourceTree = "<group>"; };
		25D41BA22741FA5C008968F8 /* Assets.xcassets */ = {isa = PBXFileReference; lastKnownFileType = folder.assetcatalog; path = Assets.xcassets; sourceTree = "<group>"; };
		25D41BA52741FA5C008968F8 /* Preview Assets.xcassets */ = {isa = PBXFileReference; lastKnownFileType = folder.assetcatalog; path = "Preview Assets.xcassets"; sourceTree = "<group>"; };
		2E0A584727448BAD00858ACE /* NewGoalsView.swift */ = {isa = PBXFileReference; lastKnownFileType = sourcecode.swift; path = NewGoalsView.swift; sourceTree = "<group>"; };
		2E0A584927448FF800858ACE /* Goal.swift */ = {isa = PBXFileReference; lastKnownFileType = sourcecode.swift; path = Goal.swift; sourceTree = "<group>"; };
		2E1689C227481A9E005AE28A /* FoodDetailView.swift */ = {isa = PBXFileReference; lastKnownFileType = sourcecode.swift; path = FoodDetailView.swift; sourceTree = "<group>"; };
		2E9FD970274756B000512C2B /* GoalsDetailView.swift */ = {isa = PBXFileReference; lastKnownFileType = sourcecode.swift; path = GoalsDetailView.swift; sourceTree = "<group>"; };
		2EAE11CF2744BB7700A2FD92 /* SettingsCreditView.swift */ = {isa = PBXFileReference; lastKnownFileType = sourcecode.swift; path = SettingsCreditView.swift; sourceTree = "<group>"; };
		2EAE11D12744D2D200A2FD92 /* LogDetailView.swift */ = {isa = PBXFileReference; lastKnownFileType = sourcecode.swift; path = LogDetailView.swift; sourceTree = "<group>"; };
/* End PBXFileReference section */

/* Begin PBXFrameworksBuildPhase section */
		25D41B982741FA5A008968F8 /* Frameworks */ = {
			isa = PBXFrameworksBuildPhase;
			buildActionMask = 2147483647;
			files = (
				2558FBE727434DD900CB9296 /* SwiftUICharts in Frameworks */,
				254AE296274798030017D199 /* SFSymbolsPicker in Frameworks */,
			);
			runOnlyForDeploymentPostprocessing = 0;
		};
/* End PBXFrameworksBuildPhase section */

/* Begin PBXGroup section */
		0A4153032741FC6500041359 /* Views */ = {
			isa = PBXGroup;
			children = (
				25D41BA02741FA5A008968F8 /* ContentView.swift */,
				2E1689BE274817FA005AE28A /* home */,
				0A4153062741FCA900041359 /* HistoryView.swift */,
				2E1689BF27481855005AE28A /* budget */,
				2E1689C027481896005AE28A /* goals */,
				2E1689C1274818E6005AE28A /* settings */,
			);
			path = Views;
			sourceTree = "<group>";
		};
		0A4153482742008900041359 /* Swift Files */ = {
			isa = PBXGroup;
			children = (
				25C1E99927460E2000104902 /* CustomColor.swift */,
				0AFE9A672746338800F7360D /* LogTypes.swift */,
				0A14BF5E274761C500826571 /* Budget.swift */,
				0AC726892743965E0003519B /* Log.swift */,
				2E0A584927448FF800858ACE /* Goal.swift */,
				25D41BA22741FA5C008968F8 /* Assets.xcassets */,
			);
			path = "Swift Files";
			sourceTree = "<group>";
		};
		25D41B922741FA5A008968F8 = {
			isa = PBXGroup;
			children = (
				25D41B9D2741FA5A008968F8 /* p1n3appl3 */,
				25D41B9C2741FA5A008968F8 /* Products */,
			);
			sourceTree = "<group>";
		};
		25D41B9C2741FA5A008968F8 /* Products */ = {
			isa = PBXGroup;
			children = (
				25D41B9B2741FA5A008968F8 /* p1n3appl3.app */,
			);
			name = Products;
			sourceTree = "<group>";
		};
		25D41B9D2741FA5A008968F8 /* p1n3appl3 */ = {
			isa = PBXGroup;
			children = (
				25D41B9E2741FA5A008968F8 /* p1n3appl3App.swift */,
				0A4153032741FC6500041359 /* Views */,
				0A4153482742008900041359 /* Swift Files */,
				25D41BA42741FA5C008968F8 /* Preview Content */,
			);
			path = p1n3appl3;
			sourceTree = "<group>";
		};
		25D41BA42741FA5C008968F8 /* Preview Content */ = {
			isa = PBXGroup;
			children = (
				25D41BA52741FA5C008968F8 /* Preview Assets.xcassets */,
			);
			path = "Preview Content";
			sourceTree = "<group>";
		};
		2E1689BE274817FA005AE28A /* home */ = {
			isa = PBXGroup;
			children = (
				0A4153042741FCA000041359 /* HomeView.swift */,
				0AC7268B274396700003519B /* NewLogView.swift */,
				2EAE11D12744D2D200A2FD92 /* LogDetailView.swift */,
				254AE28E27478E330017D199 /* SFSymbolPickerView.swift */,
			);
			path = home;
			sourceTree = "<group>";
		};
		2E1689BF27481855005AE28A /* budget */ = {
			isa = PBXGroup;
			children = (
				0A4153082741FCE500041359 /* BudgetView.swift */,
				0A14BF642747CAAC00826571 /* NewBudgetView.swift */,
				0A14BF622747C97600826571 /* HalfSheet.swift */,
				2E1689C227481A9E005AE28A /* FoodDetailView.swift */,
			);
			path = budget;
			sourceTree = "<group>";
		};
		2E1689C027481896005AE28A /* goals */ = {
			isa = PBXGroup;
			children = (
				0A41530A2741FCF400041359 /* GoalsView.swift */,
				2E0A584727448BAD00858ACE /* NewGoalsView.swift */,
				2E9FD970274756B000512C2B /* GoalsDetailView.swift */,
			);
			path = goals;
			sourceTree = "<group>";
		};
		2E1689C1274818E6005AE28A /* settings */ = {
			isa = PBXGroup;
			children = (
				0A41530E2741FF1B00041359 /* SettingsView.swift */,
				2EAE11CF2744BB7700A2FD92 /* SettingsCreditView.swift */,
			);
			path = settings;
			sourceTree = "<group>";
		};
/* End PBXGroup section */

/* Begin PBXNativeTarget section */
		25D41B9A2741FA5A008968F8 /* p1n3appl3 */ = {
			isa = PBXNativeTarget;
			buildConfigurationList = 25D41BA92741FA5C008968F8 /* Build configuration list for PBXNativeTarget "p1n3appl3" */;
			buildPhases = (
				25D41B972741FA5A008968F8 /* Sources */,
				25D41B982741FA5A008968F8 /* Frameworks */,
				25D41B992741FA5A008968F8 /* Resources */,
			);
			buildRules = (
			);
			dependencies = (
			);
			name = p1n3appl3;
			packageProductDependencies = (
				2558FBE627434DD900CB9296 /* SwiftUICharts */,
				254AE295274798030017D199 /* SFSymbolsPicker */,
			);
			productName = p1n3appl3;
			productReference = 25D41B9B2741FA5A008968F8 /* p1n3appl3.app */;
			productType = "com.apple.product-type.application";
		};
/* End PBXNativeTarget section */

/* Begin PBXProject section */
		25D41B932741FA5A008968F8 /* Project object */ = {
			isa = PBXProject;
			attributes = {
				BuildIndependentTargetsInParallel = 1;
				LastSwiftUpdateCheck = 1300;
				LastUpgradeCheck = 1300;
				TargetAttributes = {
					25D41B9A2741FA5A008968F8 = {
						CreatedOnToolsVersion = 13.0;
					};
				};
			};
			buildConfigurationList = 25D41B962741FA5A008968F8 /* Build configuration list for PBXProject "p1n3appl3" */;
			compatibilityVersion = "Xcode 13.0";
			developmentRegion = en;
			hasScannedForEncodings = 0;
			knownRegions = (
				en,
				Base,
			);
			mainGroup = 25D41B922741FA5A008968F8;
			packageReferences = (
				2558FBE527434DD900CB9296 /* XCRemoteSwiftPackageReference "ChartView" */,
				254AE294274798030017D199 /* XCRemoteSwiftPackageReference "SFSymbolsPickerForSwiftUI" */,
			);
			productRefGroup = 25D41B9C2741FA5A008968F8 /* Products */;
			projectDirPath = "";
			projectRoot = "";
			targets = (
				25D41B9A2741FA5A008968F8 /* p1n3appl3 */,
			);
		};
/* End PBXProject section */

/* Begin PBXResourcesBuildPhase section */
		25D41B992741FA5A008968F8 /* Resources */ = {
			isa = PBXResourcesBuildPhase;
			buildActionMask = 2147483647;
			files = (
				25D41BA62741FA5C008968F8 /* Preview Assets.xcassets in Resources */,
				25D41BA32741FA5C008968F8 /* Assets.xcassets in Resources */,
			);
			runOnlyForDeploymentPostprocessing = 0;
		};
/* End PBXResourcesBuildPhase section */

/* Begin PBXSourcesBuildPhase section */
		25D41B972741FA5A008968F8 /* Sources */ = {
			isa = PBXSourcesBuildPhase;
			buildActionMask = 2147483647;
			files = (
				0AFE9A682746338800F7360D /* LogTypes.swift in Sources */,
				0A41530F2741FF1B00041359 /* SettingsView.swift in Sources */,
				0A4153052741FCA000041359 /* HomeView.swift in Sources */,
				2E0A584827448BAD00858ACE /* NewGoalsView.swift in Sources */,
				254AE28F27478E330017D199 /* SFSymbolPickerView.swift in Sources */,
				0AC7268A2743965E0003519B /* Log.swift in Sources */,
				0A4153072741FCA900041359 /* HistoryView.swift in Sources */,
				25D41BA12741FA5A008968F8 /* ContentView.swift in Sources */,
				2EAE11D02744BB7700A2FD92 /* SettingsCreditView.swift in Sources */,
				2E0A584A27448FF800858ACE /* Goal.swift in Sources */,
				25C1E99A27460E2000104902 /* CustomColor.swift in Sources */,
				2EAE11D22744D2D200A2FD92 /* LogDetailView.swift in Sources */,
				0A14BF632747C97600826571 /* HalfSheet.swift in Sources */,
				0A14BF5F274761C500826571 /* Budget.swift in Sources */,
				0A41530B2741FCF400041359 /* GoalsView.swift in Sources */,
				25D41B9F2741FA5A008968F8 /* p1n3appl3App.swift in Sources */,
				0A14BF652747CAAC00826571 /* NewBudgetView.swift in Sources */,
				0AC7268C274396700003519B /* NewLogView.swift in Sources */,
				0A4153092741FCE500041359 /* BudgetView.swift in Sources */,
				2E1689C327481A9E005AE28A /* FoodDetailView.swift in Sources */,
				0AC726CE2743CC380003519B /* (null) in Sources */,
				2E9FD971274756B000512C2B /* GoalsDetailView.swift in Sources */,
			);
			runOnlyForDeploymentPostprocessing = 0;
		};
/* End PBXSourcesBuildPhase section */

/* Begin XCBuildConfiguration section */
		25D41BA72741FA5C008968F8 /* Debug */ = {
			isa = XCBuildConfiguration;
			buildSettings = {
				ALWAYS_SEARCH_USER_PATHS = NO;
				CLANG_ANALYZER_NONNULL = YES;
				CLANG_ANALYZER_NUMBER_OBJECT_CONVERSION = YES_AGGRESSIVE;
				CLANG_CXX_LANGUAGE_STANDARD = "gnu++17";
				CLANG_CXX_LIBRARY = "libc++";
				CLANG_ENABLE_MODULES = YES;
				CLANG_ENABLE_OBJC_ARC = YES;
				CLANG_ENABLE_OBJC_WEAK = YES;
				CLANG_WARN_BLOCK_CAPTURE_AUTORELEASING = YES;
				CLANG_WARN_BOOL_CONVERSION = YES;
				CLANG_WARN_COMMA = YES;
				CLANG_WARN_CONSTANT_CONVERSION = YES;
				CLANG_WARN_DEPRECATED_OBJC_IMPLEMENTATIONS = YES;
				CLANG_WARN_DIRECT_OBJC_ISA_USAGE = YES_ERROR;
				CLANG_WARN_DOCUMENTATION_COMMENTS = YES;
				CLANG_WARN_EMPTY_BODY = YES;
				CLANG_WARN_ENUM_CONVERSION = YES;
				CLANG_WARN_INFINITE_RECURSION = YES;
				CLANG_WARN_INT_CONVERSION = YES;
				CLANG_WARN_NON_LITERAL_NULL_CONVERSION = YES;
				CLANG_WARN_OBJC_IMPLICIT_RETAIN_SELF = YES;
				CLANG_WARN_OBJC_LITERAL_CONVERSION = YES;
				CLANG_WARN_OBJC_ROOT_CLASS = YES_ERROR;
				CLANG_WARN_QUOTED_INCLUDE_IN_FRAMEWORK_HEADER = YES;
				CLANG_WARN_RANGE_LOOP_ANALYSIS = YES;
				CLANG_WARN_STRICT_PROTOTYPES = YES;
				CLANG_WARN_SUSPICIOUS_MOVE = YES;
				CLANG_WARN_UNGUARDED_AVAILABILITY = YES_AGGRESSIVE;
				CLANG_WARN_UNREACHABLE_CODE = YES;
				CLANG_WARN__DUPLICATE_METHOD_MATCH = YES;
				COPY_PHASE_STRIP = NO;
				DEBUG_INFORMATION_FORMAT = dwarf;
				ENABLE_STRICT_OBJC_MSGSEND = YES;
				ENABLE_TESTABILITY = YES;
				GCC_C_LANGUAGE_STANDARD = gnu11;
				GCC_DYNAMIC_NO_PIC = NO;
				GCC_NO_COMMON_BLOCKS = YES;
				GCC_OPTIMIZATION_LEVEL = 0;
				GCC_PREPROCESSOR_DEFINITIONS = (
					"DEBUG=1",
					"$(inherited)",
				);
				GCC_WARN_64_TO_32_BIT_CONVERSION = YES;
				GCC_WARN_ABOUT_RETURN_TYPE = YES_ERROR;
				GCC_WARN_UNDECLARED_SELECTOR = YES;
				GCC_WARN_UNINITIALIZED_AUTOS = YES_AGGRESSIVE;
				GCC_WARN_UNUSED_FUNCTION = YES;
				GCC_WARN_UNUSED_VARIABLE = YES;
				IPHONEOS_DEPLOYMENT_TARGET = 15.0;
				MTL_ENABLE_DEBUG_INFO = INCLUDE_SOURCE;
				MTL_FAST_MATH = YES;
				ONLY_ACTIVE_ARCH = YES;
				SDKROOT = iphoneos;
				SWIFT_ACTIVE_COMPILATION_CONDITIONS = DEBUG;
				SWIFT_OPTIMIZATION_LEVEL = "-Onone";
			};
			name = Debug;
		};
		25D41BA82741FA5C008968F8 /* Release */ = {
			isa = XCBuildConfiguration;
			buildSettings = {
				ALWAYS_SEARCH_USER_PATHS = NO;
				CLANG_ANALYZER_NONNULL = YES;
				CLANG_ANALYZER_NUMBER_OBJECT_CONVERSION = YES_AGGRESSIVE;
				CLANG_CXX_LANGUAGE_STANDARD = "gnu++17";
				CLANG_CXX_LIBRARY = "libc++";
				CLANG_ENABLE_MODULES = YES;
				CLANG_ENABLE_OBJC_ARC = YES;
				CLANG_ENABLE_OBJC_WEAK = YES;
				CLANG_WARN_BLOCK_CAPTURE_AUTORELEASING = YES;
				CLANG_WARN_BOOL_CONVERSION = YES;
				CLANG_WARN_COMMA = YES;
				CLANG_WARN_CONSTANT_CONVERSION = YES;
				CLANG_WARN_DEPRECATED_OBJC_IMPLEMENTATIONS = YES;
				CLANG_WARN_DIRECT_OBJC_ISA_USAGE = YES_ERROR;
				CLANG_WARN_DOCUMENTATION_COMMENTS = YES;
				CLANG_WARN_EMPTY_BODY = YES;
				CLANG_WARN_ENUM_CONVERSION = YES;
				CLANG_WARN_INFINITE_RECURSION = YES;
				CLANG_WARN_INT_CONVERSION = YES;
				CLANG_WARN_NON_LITERAL_NULL_CONVERSION = YES;
				CLANG_WARN_OBJC_IMPLICIT_RETAIN_SELF = YES;
				CLANG_WARN_OBJC_LITERAL_CONVERSION = YES;
				CLANG_WARN_OBJC_ROOT_CLASS = YES_ERROR;
				CLANG_WARN_QUOTED_INCLUDE_IN_FRAMEWORK_HEADER = YES;
				CLANG_WARN_RANGE_LOOP_ANALYSIS = YES;
				CLANG_WARN_STRICT_PROTOTYPES = YES;
				CLANG_WARN_SUSPICIOUS_MOVE = YES;
				CLANG_WARN_UNGUARDED_AVAILABILITY = YES_AGGRESSIVE;
				CLANG_WARN_UNREACHABLE_CODE = YES;
				CLANG_WARN__DUPLICATE_METHOD_MATCH = YES;
				COPY_PHASE_STRIP = NO;
				DEBUG_INFORMATION_FORMAT = "dwarf-with-dsym";
				ENABLE_NS_ASSERTIONS = NO;
				ENABLE_STRICT_OBJC_MSGSEND = YES;
				GCC_C_LANGUAGE_STANDARD = gnu11;
				GCC_NO_COMMON_BLOCKS = YES;
				GCC_WARN_64_TO_32_BIT_CONVERSION = YES;
				GCC_WARN_ABOUT_RETURN_TYPE = YES_ERROR;
				GCC_WARN_UNDECLARED_SELECTOR = YES;
				GCC_WARN_UNINITIALIZED_AUTOS = YES_AGGRESSIVE;
				GCC_WARN_UNUSED_FUNCTION = YES;
				GCC_WARN_UNUSED_VARIABLE = YES;
				IPHONEOS_DEPLOYMENT_TARGET = 15.0;
				MTL_ENABLE_DEBUG_INFO = NO;
				MTL_FAST_MATH = YES;
				SDKROOT = iphoneos;
				SWIFT_COMPILATION_MODE = wholemodule;
				SWIFT_OPTIMIZATION_LEVEL = "-O";
				VALIDATE_PRODUCT = YES;
			};
			name = Release;
		};
		25D41BAA2741FA5C008968F8 /* Debug */ = {
			isa = XCBuildConfiguration;
			buildSettings = {
				ASSETCATALOG_COMPILER_APPICON_NAME = AppIcon;
				ASSETCATALOG_COMPILER_GLOBAL_ACCENT_COLOR_NAME = AccentColor;
				CODE_SIGN_STYLE = Automatic;
				CURRENT_PROJECT_VERSION = 1;
				DEVELOPMENT_ASSET_PATHS = "\"p1n3appl3/Preview Content\"";
				ENABLE_PREVIEWS = YES;
				GENERATE_INFOPLIST_FILE = YES;
				INFOPLIST_KEY_UIApplicationSceneManifest_Generation = YES;
				INFOPLIST_KEY_UIApplicationSupportsIndirectInputEvents = YES;
				INFOPLIST_KEY_UILaunchScreen_Generation = YES;
				INFOPLIST_KEY_UISupportedInterfaceOrientations_iPad = "UIInterfaceOrientationPortrait UIInterfaceOrientationPortraitUpsideDown UIInterfaceOrientationLandscapeLeft UIInterfaceOrientationLandscapeRight";
				INFOPLIST_KEY_UISupportedInterfaceOrientations_iPhone = "UIInterfaceOrientationPortrait UIInterfaceOrientationLandscapeLeft UIInterfaceOrientationLandscapeRight";
				IPHONEOS_DEPLOYMENT_TARGET = 14.0;
				LD_RUNPATH_SEARCH_PATHS = (
					"$(inherited)",
					"@executable_path/Frameworks",
				);
				MARKETING_VERSION = 1.0;
				PRODUCT_BUNDLE_IDENTIFIER = com.p1n3appl3.p1n3appl3;
				PRODUCT_NAME = "$(TARGET_NAME)";
				SWIFT_EMIT_LOC_STRINGS = YES;
				SWIFT_VERSION = 5.0;
				TARGETED_DEVICE_FAMILY = "1,2";
			};
			name = Debug;
		};
		25D41BAB2741FA5C008968F8 /* Release */ = {
			isa = XCBuildConfiguration;
			buildSettings = {
				ASSETCATALOG_COMPILER_APPICON_NAME = AppIcon;
				ASSETCATALOG_COMPILER_GLOBAL_ACCENT_COLOR_NAME = AccentColor;
				CODE_SIGN_STYLE = Automatic;
				CURRENT_PROJECT_VERSION = 1;
				DEVELOPMENT_ASSET_PATHS = "\"p1n3appl3/Preview Content\"";
				ENABLE_PREVIEWS = YES;
				GENERATE_INFOPLIST_FILE = YES;
				INFOPLIST_KEY_UIApplicationSceneManifest_Generation = YES;
				INFOPLIST_KEY_UIApplicationSupportsIndirectInputEvents = YES;
				INFOPLIST_KEY_UILaunchScreen_Generation = YES;
				INFOPLIST_KEY_UISupportedInterfaceOrientations_iPad = "UIInterfaceOrientationPortrait UIInterfaceOrientationPortraitUpsideDown UIInterfaceOrientationLandscapeLeft UIInterfaceOrientationLandscapeRight";
				INFOPLIST_KEY_UISupportedInterfaceOrientations_iPhone = "UIInterfaceOrientationPortrait UIInterfaceOrientationLandscapeLeft UIInterfaceOrientationLandscapeRight";
				IPHONEOS_DEPLOYMENT_TARGET = 14.0;
				LD_RUNPATH_SEARCH_PATHS = (
					"$(inherited)",
					"@executable_path/Frameworks",
				);
				MARKETING_VERSION = 1.0;
				PRODUCT_BUNDLE_IDENTIFIER = com.p1n3appl3.p1n3appl3;
				PRODUCT_NAME = "$(TARGET_NAME)";
				SWIFT_EMIT_LOC_STRINGS = YES;
				SWIFT_VERSION = 5.0;
				TARGETED_DEVICE_FAMILY = "1,2";
			};
			name = Release;
		};
/* End XCBuildConfiguration section */

/* Begin XCConfigurationList section */
		25D41B962741FA5A008968F8 /* Build configuration list for PBXProject "p1n3appl3" */ = {
			isa = XCConfigurationList;
			buildConfigurations = (
				25D41BA72741FA5C008968F8 /* Debug */,
				25D41BA82741FA5C008968F8 /* Release */,
			);
			defaultConfigurationIsVisible = 0;
			defaultConfigurationName = Release;
		};
		25D41BA92741FA5C008968F8 /* Build configuration list for PBXNativeTarget "p1n3appl3" */ = {
			isa = XCConfigurationList;
			buildConfigurations = (
				25D41BAA2741FA5C008968F8 /* Debug */,
				25D41BAB2741FA5C008968F8 /* Release */,
			);
			defaultConfigurationIsVisible = 0;
			defaultConfigurationName = Release;
		};
/* End XCConfigurationList section */

/* Begin XCRemoteSwiftPackageReference section */
		254AE294274798030017D199 /* XCRemoteSwiftPackageReference "SFSymbolsPickerForSwiftUI" */ = {
			isa = XCRemoteSwiftPackageReference;
			repositoryURL = "https://github.com/PorridgePi/SFSymbolsPickerForSwiftUI";
			requirement = {
				branch = main;
				kind = branch;
			};
		};
		2558FBE527434DD900CB9296 /* XCRemoteSwiftPackageReference "ChartView" */ = {
			isa = XCRemoteSwiftPackageReference;
			repositoryURL = "https://github.com/AppPear/ChartView";
			requirement = {
				kind = exactVersion;
				version = 1.5.5;
			};
		};
/* End XCRemoteSwiftPackageReference section */

/* Begin XCSwiftPackageProductDependency section */
		254AE295274798030017D199 /* SFSymbolsPicker */ = {
			isa = XCSwiftPackageProductDependency;
			package = 254AE294274798030017D199 /* XCRemoteSwiftPackageReference "SFSymbolsPickerForSwiftUI" */;
			productName = SFSymbolsPicker;
		};
		2558FBE627434DD900CB9296 /* SwiftUICharts */ = {
			isa = XCSwiftPackageProductDependency;
			package = 2558FBE527434DD900CB9296 /* XCRemoteSwiftPackageReference "ChartView" */;
			productName = SwiftUICharts;
		};
/* End XCSwiftPackageProductDependency section */
	};
	rootObject = 25D41B932741FA5A008968F8 /* Project object */;
}
