{
  "object": {
    "pins": [
      {
        "package": "SwiftUICharts",
        "repositoryURL": "https://github.com/AppPear/ChartView",
        "state": {
          "branch": null,
          "revision": "9115a992c91fa19cbb4f2241084240d38654a1fc",
          "version": "1.5.5"
        }
      },
      {
        "package": "SFSymbolsPicker",
        "repositoryURL": "https://github.com/PorridgePi/SFSymbolsPickerForSwiftUI",
        "state": {
          "branch": "main",
          "revision": "d53711a7f26e8407bb9e570e43f584e38e2e3642",
          "version": null
        }
      }
    ]
  },
  "version": 1
}
