{
  "object": {
    "pins": [
      {
        "package": "SwiftUICharts",
        "repositoryURL": "https://github.com/AppPear/ChartView",
        "state": {
          "branch": null,
          "revision": "9115a992c91fa19cbb4f2241084240d38654a1fc",
          "version": "1.5.5"
        }
      },
      {
        "package": "SFSymbolsPicker",
        "repositoryURL": "https://github.com/PorridgePi/SFSymbolsPickerForSwiftUI",
        "state": {
          "branch": "main",
          "revision": "540c9c5d5b8a559d693d6c0dbd953a793d70ecac",
          "version": null
        }
      }
    ]
  },
  "version": 1
}
